
Microsoft Visual Studio Solution File, Format Version 12.00
# Visual Studio Version 16
VisualStudioVersion = 16.0.30717.126
MinimumVisualStudioVersion = 10.0.40219.1
Project("{9A19103F-16F7-4668-BE54-9A1E7A4F7556}") = "ConsoleTester", "ConsoleTester\ConsoleTester.csproj", "{E04A996E-083E-4884-BD66-15E804CBC97F}"
EndProject
Project("{9A19103F-16F7-4668-BE54-9A1E7A4F7556}") = "Data", "Data\Data.csproj", "{F5179C76-EF79-4321-9A0C-BA2DB685C76C}"
EndProject
Project("{9A19103F-16F7-4668-BE54-9A1E7A4F7556}") = "Services", "Services\Services.csproj", "{4DFA7D4F-BD82-46D1-98E0-A23DC4356591}"
EndProject
Project("{9A19103F-16F7-4668-BE54-9A1E7A4F7556}") = "ASP", "ASP\ASP.csproj", "{49AE43A6-8A44-44B5-93FD-124212F6864F}"
EndProject
Global
	GlobalSection(SolutionConfigurationPlatforms) = preSolution
		Debug|Any CPU = Debug|Any CPU
		Release|Any CPU = Release|Any CPU
	EndGlobalSection
	GlobalSection(ProjectConfigurationPlatforms) = postSolution
		{E04A996E-083E-4884-BD66-15E804CBC97F}.Debug|Any CPU.ActiveCfg = Debug|Any CPU
		{E04A996E-083E-4884-BD66-15E804CBC97F}.Debug|Any CPU.Build.0 = Debug|Any CPU
		{E04A996E-083E-4884-BD66-15E804CBC97F}.Release|Any CPU.ActiveCfg = Release|Any CPU
		{E04A996E-083E-4884-BD66-15E804CBC97F}.Release|Any CPU.Build.0 = Release|Any CPU
		{F5179C76-EF79-4321-9A0C-BA2DB685C76C}.Debug|Any CPU.ActiveCfg = Debug|Any CPU
		{F5179C76-EF79-4321-9A0C-BA2DB685C76C}.Debug|Any CPU.Build.0 = Debug|Any CPU
		{F5179C76-EF79-4321-9A0C-BA2DB685C76C}.Release|Any CPU.ActiveCfg = Release|Any CPU
		{F5179C76-EF79-4321-9A0C-BA2DB685C76C}.Release|Any CPU.Build.0 = Release|Any CPU
		{4DFA7D4F-BD82-46D1-98E0-A23DC4356591}.Debug|Any CPU.ActiveCfg = Debug|Any CPU
		{4DFA7D4F-BD82-46D1-98E0-A23DC4356591}.Debug|Any CPU.Build.0 = Debug|Any CPU
		{4DFA7D4F-BD82-46D1-98E0-A23DC4356591}.Release|Any CPU.ActiveCfg = Release|Any CPU
		{4DFA7D4F-BD82-46D1-98E0-A23DC4356591}.Release|Any CPU.Build.0 = Release|Any CPU
		{49AE43A6-8A44-44B5-93FD-124212F6864F}.Debug|Any CPU.ActiveCfg = Debug|Any CPU
		{49AE43A6-8A44-44B5-93FD-124212F6864F}.Debug|Any CPU.Build.0 = Debug|Any CPU
		{49AE43A6-8A44-44B5-93FD-124212F6864F}.Release|Any CPU.ActiveCfg = Release|Any CPU
		{49AE43A6-8A44-44B5-93FD-124212F6864F}.Release|Any CPU.Build.0 = Release|Any CPU
	EndGlobalSection
	GlobalSection(SolutionProperties) = preSolution
		HideSolutionNode = FALSE
	EndGlobalSection
	GlobalSection(ExtensibilityGlobals) = postSolution
		SolutionGuid = {2BA778CC-F8FA-452E-836B-E80657914ADC}
	EndGlobalSection
EndGlobal
